
Microsoft Visual Studio Solution File, Format Version 12.00
# Visual Studio 14
VisualStudioVersion = 14.0.24720.0
MinimumVisualStudioVersion = 10.0.40219.1
Project("{FAE04EC0-301F-11D3-BF4B-00C04F79EFBC}") = "記帳程式(家用版)", "記帳程式(家用版).csproj", "{0BA3AE94-1426-41E0-B76B-ED92C4D64DCE}"
EndProject
Global
	GlobalSection(SolutionConfigurationPlatforms) = preSolution
		Debug|Any CPU = Debug|Any CPU
		Release|Any CPU = Release|Any CPU
	EndGlobalSection
	GlobalSection(ProjectConfigurationPlatforms) = postSolution
		{0BA3AE94-1426-41E0-B76B-ED92C4D64DCE}.Debug|Any CPU.ActiveCfg = Debug|Any CPU
		{0BA3AE94-1426-41E0-B76B-ED92C4D64DCE}.Debug|Any CPU.Build.0 = Debug|Any CPU
		{0BA3AE94-1426-41E0-B76B-ED92C4D64DCE}.Release|Any CPU.ActiveCfg = Release|Any CPU
		{0BA3AE94-1426-41E0-B76B-ED92C4D64DCE}.Release|Any CPU.Build.0 = Release|Any CPU
	EndGlobalSection
	GlobalSection(SolutionProperties) = preSolution
		HideSolutionNode = FALSE
	EndGlobalSection
EndGlobal
